
Microsoft Visual Studio Solution File, Format Version 12.00
# Visual Studio Version 16
VisualStudioVersion = 16.0.29519.87
MinimumVisualStudioVersion = 10.0.40219.1
Project("{FAE04EC0-301F-11D3-BF4B-00C04F79EFBC}") = "CosmosdbHang", "CosmosdbHang\CosmosdbHang.csproj", "{319759F8-971E-4BE7-B4C0-6BCF52DF1DEF}"
EndProject
Global
	GlobalSection(SolutionConfigurationPlatforms) = preSolution
		Debug|Any CPU = Debug|Any CPU
		Release|Any CPU = Release|Any CPU
	EndGlobalSection
	GlobalSection(ProjectConfigurationPlatforms) = postSolution
		{319759F8-971E-4BE7-B4C0-6BCF52DF1DEF}.Debug|Any CPU.ActiveCfg = Debug|Any CPU
		{319759F8-971E-4BE7-B4C0-6BCF52DF1DEF}.Debug|Any CPU.Build.0 = Debug|Any CPU
		{319759F8-971E-4BE7-B4C0-6BCF52DF1DEF}.Release|Any CPU.ActiveCfg = Release|Any CPU
		{319759F8-971E-4BE7-B4C0-6BCF52DF1DEF}.Release|Any CPU.Build.0 = Release|Any CPU
	EndGlobalSection
	GlobalSection(SolutionProperties) = preSolution
		HideSolutionNode = FALSE
	EndGlobalSection
	GlobalSection(ExtensibilityGlobals) = postSolution
		SolutionGuid = {A75A4BC1-D4C9-4FBC-95DE-1FA9A69CAB5C}
	EndGlobalSection
EndGlobal
